{
  "name": "xmldom",
  "version": "0.2.2-dev",
  "lockfileVersion": 1,
  "requires": true,
  "dependencies": {
    "abend": {
      "version": "1.0.11",
      "resolved": "https://registry.npmjs.org/abend/-/abend-1.0.11.tgz",
      "integrity": "sha512-WdxoXvQPrKPz1TV3g20CFFyfZ+mux3xV42++JanQJFW9Zymxft5S9uSmXBpdvghblXD1ul1udzuEWqPxy9rAyQ==",
      "dev": true
    },
    "arguable": {
      "version": "8.0.9",
      "resolved": "https://registry.npmjs.org/arguable/-/arguable-8.0.9.tgz",
      "integrity": "sha512-UPMHbZsrpBxMwbntTATDMd5JIcP5kfm1tLER+RY8k0SpkHzFp2sSE8RPgVB3OXYpT5X1Iw4RXiR0CGeYCE/zkQ==",
      "dev": true,
      "requires": {
        "cadence": "3.0.x",
        "destructible": "2.0.x",
        "interrupt": "7.0.x",
        "rescue": "5.0.x",
        "signal": "7.0.x",
        "synonymous": "1.0.x"
      }
    },
    "byline": {
      "version": "5.0.0",
      "resolved": "https://registry.npmjs.org/byline/-/byline-5.0.0.tgz",
      "integrity": "sha1-dBxSFkaOrcRXsDQQEYrXfejB3bE=",
      "dev": true
    },
    "cadence": {
      "version": "3.0.6",
      "resolved": "https://registry.npmjs.org/cadence/-/cadence-3.0.6.tgz",
      "integrity": "sha512-WKvm8hvePZzh1cKP/UtlO6gtt0JtMs2XHKmtHMSz7peoBL5xk3TQ55zn9F4hLMBph/4W27outs79a5Q07ckH3g==",
      "dev": true
    },
    "deep-diff": {
      "version": "1.0.2",
      "resolved": "https://registry.npmjs.org/deep-diff/-/deep-diff-1.0.2.tgz",
      "integrity": "sha512-aWS3UIVH+NPGCD1kki+DCU9Dua032iSsO43LqQpcs4R3+dVv7tX0qBGjiVHJHjplsoUM2XRO/KB92glqc68awg==",
      "dev": true
    },
    "deep-equal": {
      "version": "1.0.1",
      "resolved": "https://registry.npmjs.org/deep-equal/-/deep-equal-1.0.1.tgz",
      "integrity": "sha1-9dJgKStmDghO/0zbyfCK0yR0SLU=",
      "dev": true
    },
    "delay": {
      "version": "4.2.0",
      "resolved": "https://registry.npmjs.org/delay/-/delay-4.2.0.tgz",
      "integrity": "sha512-EBX+pZE4qSowGAMr6M0cLiPRQu2Kus/qTNLO7c+EoXpTPJH9ApFdHX+cQU1WsSHXgwhLyidfZ5Hxuq6ctWhSdw==",
      "dev": true
    },
    "delta": {
      "version": "3.0.5",
      "resolved": "https://registry.npmjs.org/delta/-/delta-3.0.5.tgz",
      "integrity": "sha512-mQsNj3oBJ/4W0RCfppOMNEh/WFup4aVAFAtDWWjjgbDDJXdizG6rLnsmA6YTtvIqHQN1c478fQBGbkaWiQQKQw==",
      "dev": true
    },
    "departure": {
      "version": "1.0.3",
      "resolved": "https://registry.npmjs.org/departure/-/departure-1.0.3.tgz",
      "integrity": "sha512-zz5ONp1FYBbOCfbA08zT8HtE92euiBR1nW0SPKslJSQmmYCGdQqdEBaq0OmGYsSnGdBBB6DCVZcb/HWDjBW3RQ==",
      "dev": true,
      "requires": {
        "deep-diff": "1.0.x",
        "deep-equal": "1.0.1"
      }
    },
    "destructible": {
      "version": "2.0.2",
      "resolved": "https://registry.npmjs.org/destructible/-/destructible-2.0.2.tgz",
      "integrity": "sha512-n91xrFgZP8UcfcL6o2bIdZIwr1Wms1/ghLPNCaSliQ9np3l6n7JSLQzBFjGfB2nsYkMIbXanhw4XcYB9cM94GQ==",
      "dev": true,
      "requires": {
        "cadence": "3.0.x",
        "delay": "4.2.0",
        "interrupt": "7.0.x",
        "operation": "5.0.x",
        "signal": "7.0.x"
      }
    },
    "expandable": {
      "version": "1.0.2",
      "resolved": "https://registry.npmjs.org/expandable/-/expandable-1.0.2.tgz",
      "integrity": "sha512-/OyY/bVG3SfzA2UUyLQqGDNwjO52tCJMmH2EQjBd2Ygd5tPbetH2v6Luo8PhZuH8kJf3JvUYZNuwMBBGo1J/MA==",
      "dev": true
    },
    "extant": {
      "version": "1.0.17",
      "resolved": "https://registry.npmjs.org/extant/-/extant-1.0.17.tgz",
      "integrity": "sha512-qOAmBd+D8ksq7osIASN+cAWVKVTAvjeUJqYQum3gYqN6jWnxuuFmmqLXo/2rxZop4UjWBuGTK0kGOpeb+r2YPQ==",
      "dev": true
    },
    "interrupt": {
      "version": "7.0.5",
      "resolved": "https://registry.npmjs.org/interrupt/-/interrupt-7.0.5.tgz",
      "integrity": "sha512-ghADtYAhiJvgm+jNEWruX/ymnlxPoY4bAd45NDkCr4IHv/NtBVvctDV4N2IyvBzTbF/BFxZs/bAhBkUHsrTwHA==",
      "dev": true,
      "requires": {
        "extant": "1.0.x",
        "stacktrace-parser": "0.1.5"
      }
    },
    "nop": {
      "version": "1.0.0",
      "resolved": "https://registry.npmjs.org/nop/-/nop-1.0.0.tgz",
      "integrity": "sha1-y0bPfgFXSqY5CFgUn2aJev5Tyco=",
      "dev": true
    },
    "operation": {
      "version": "5.0.2",
      "resolved": "https://registry.npmjs.org/operation/-/operation-5.0.2.tgz",
      "integrity": "sha512-tFuFcNZMND6vA40IX+faGKE4xrsM9IIqgHf4peTqB1aMLIB0RwjFMzMq5DP0SgWuUEcKGWJFqOCh7xlH2lP50A==",
      "dev": true
    },
    "proof": {
      "version": "7.0.9",
      "resolved": "https://registry.npmjs.org/proof/-/proof-7.0.9.tgz",
      "integrity": "sha512-E0vPM3bnHLtpKqYE+vReQqWTU3Q82irayZvuTjI4yz9suMBDjvSMmQEBrBYXT3y7DTjR8tDS2o+KJxs9t2DhsA==",
      "dev": true,
      "requires": {
        "arguable": "8.0.x",
        "byline": "5.0.0",
        "cadence": "3.0.x",
        "deep-equal": "1.0.1",
        "delta": "3.0.x",
        "departure": "1.0.x",
        "expandable": "1.0.x",
        "extant": "1.0.x",
        "rescue": "5.0.x",
        "staccato": "8.0.x",
        "turnstile": "5.0.x"
      }
    },
    "rescue": {
      "version": "5.0.4",
      "resolved": "https://registry.npmjs.org/rescue/-/rescue-5.0.4.tgz",
      "integrity": "sha512-dIJ5WfY+0a45YTdNr78jvDylC9qVSwDcmH6sv7FQYLQ40Pa7NEy/9mygBucwJIzXPCZvccMoOWGfMba1nPow4A==",
      "dev": true
    },
    "signal": {
      "version": "7.0.6",
      "resolved": "https://registry.npmjs.org/signal/-/signal-7.0.6.tgz",
      "integrity": "sha512-9SnDOIATtoRktT5ePD68F+B5i3ZugSBHB1HrBhaI/kkhaMBaMMatoDn+ajdgnFE5Xz1hWliLkpwVEnj3+S+ntg==",
      "dev": true,
      "requires": {
        "operation": "5.0.x"
      }
    },
    "sprintf-js": {
      "version": "1.1.2",
      "resolved": "https://registry.npmjs.org/sprintf-js/-/sprintf-js-1.1.2.tgz",
      "integrity": "sha512-VE0SOVEHCk7Qc8ulkWw3ntAzXuqf7S2lvwQaDLRnUeIEaKNQJzV6BwmLKhOqT61aGhfUMrXeaBk+oDGCzvhcug==",
      "dev": true
    },
    "staccato": {
      "version": "8.0.2",
      "resolved": "https://registry.npmjs.org/staccato/-/staccato-8.0.2.tgz",
      "integrity": "sha512-Pfu2WmBjQy6+WCcLSPgh7F/51G3LCj5vOQK/nLHU2GSaILBX5xP5lTzKkQ7MzI86uPfl0MCfHUyeGePGPwrfFQ==",
      "dev": true,
      "requires": {
        "cadence": "3.0.x",
        "delta": "3.0.x",
        "extant": "1.0.x",
        "interrupt": "7.0.x"
      }
    },
    "stacktrace-parser": {
      "version": "0.1.5",
      "resolved": "https://registry.npmjs.org/stacktrace-parser/-/stacktrace-parser-0.1.5.tgz",
      "integrity": "sha512-fjJ563lEMEXdqUH8fZR84sczWxM+Pi3bViix1n7371mFr8sL7UPewec79+IhHkN4UMmGbXoXj58WIaF7lIciRA==",
      "dev": true,
      "requires": {
        "type-fest": "^0.3.0"
      }
    },
    "synonymous": {
      "version": "1.0.21",
      "resolved": "https://registry.npmjs.org/synonymous/-/synonymous-1.0.21.tgz",
      "integrity": "sha512-JK+Jo/fIbFCm2jLCu876mHFssW4eWVONZakXsotq/5REvuRSUmcD02558aI+FpiPIoD/y4jdelmlnTEJfvv23A==",
      "dev": true,
      "requires": {
        "sprintf-js": "1.1.2"
      }
    },
    "turnstile": {
      "version": "5.0.5",
      "resolved": "https://registry.npmjs.org/turnstile/-/turnstile-5.0.5.tgz",
      "integrity": "sha512-z8zPZjdTDnwg/gBRJDbHQEXRX7+kEMkvLIyIyvt1w+sz0EoKRwNlJXeR+pBzx/u+wz7hcMlFTFaxBhq4zFWBXg==",
      "dev": true,
      "requires": {
        "abend": "1.0.x",
        "cadence": "3.0.x",
        "extant": "1.0.x",
        "interrupt": "7.0.x",
        "nop": "1.0.x",
        "operation": "5.0.x"
      }
    },
    "type-fest": {
      "version": "0.3.1",
      "resolved": "https://registry.npmjs.org/type-fest/-/type-fest-0.3.1.tgz",
      "integrity": "sha512-cUGJnCdr4STbePCgqNFbpVNCepa+kAVohJs1sLhxzdH+gnEoOd8VhbYa7pD3zZYGiURWM2xzEII3fQcRizDkYQ==",
      "dev": true
    }
  }
}
